
Microsoft Visual Studio Solution File, Format Version 12.00
# Visual Studio Version 17
VisualStudioVersion = 17.4.33205.214
MinimumVisualStudioVersion = 10.0.40219.1
Project("{FAE04EC0-301F-11D3-BF4B-00C04F79EFBC}") = "Paint", "Paint\Paint.csproj", "{833276E2-85CC-44EE-AF0D-B7A858DAC8CA}"
EndProject
Global
	GlobalSection(SolutionConfigurationPlatforms) = preSolution
		Debug|Any CPU = Debug|Any CPU
		Release|Any CPU = Release|Any CPU
	EndGlobalSection
	GlobalSection(ProjectConfigurationPlatforms) = postSolution
		{833276E2-85CC-44EE-AF0D-B7A858DAC8CA}.Debug|Any CPU.ActiveCfg = Debug|Any CPU
		{833276E2-85CC-44EE-AF0D-B7A858DAC8CA}.Debug|Any CPU.Build.0 = Debug|Any CPU
		{833276E2-85CC-44EE-AF0D-B7A858DAC8CA}.Release|Any CPU.ActiveCfg = Release|Any CPU
		{833276E2-85CC-44EE-AF0D-B7A858DAC8CA}.Release|Any CPU.Build.0 = Release|Any CPU
	EndGlobalSection
	GlobalSection(SolutionProperties) = preSolution
		HideSolutionNode = FALSE
	EndGlobalSection
	GlobalSection(ExtensibilityGlobals) = postSolution
		SolutionGuid = {3B2A9581-889F-4995-A5F0-6A435B0C2365}
	EndGlobalSection
EndGlobal
